
Microsoft Visual Studio Solution File, Format Version 12.00
# Visual Studio Version 17
VisualStudioVersion = 17.14.37216.2 d17.14
MinimumVisualStudioVersion = 10.0.40219.1
Project("{FAE04EC0-301F-11D3-BF4B-00C04F79EFBC}") = "MatchmakingService", "MatchmakingService\MatchmakingService.csproj", "{9E72AB72-1B83-4B5C-845E-45B097EA768A}"
EndProject
Global
	GlobalSection(SolutionConfigurationPlatforms) = preSolution
		Debug|Any CPU = Debug|Any CPU
		Release|Any CPU = Release|Any CPU
	EndGlobalSection
	GlobalSection(ProjectConfigurationPlatforms) = postSolution
		{9E72AB72-1B83-4B5C-845E-45B097EA768A}.Debug|Any CPU.ActiveCfg = Debug|Any CPU
		{9E72AB72-1B83-4B5C-845E-45B097EA768A}.Debug|Any CPU.Build.0 = Debug|Any CPU
		{9E72AB72-1B83-4B5C-845E-45B097EA768A}.Release|Any CPU.ActiveCfg = Release|Any CPU
		{9E72AB72-1B83-4B5C-845E-45B097EA768A}.Release|Any CPU.Build.0 = Release|Any CPU
	EndGlobalSection
	GlobalSection(SolutionProperties) = preSolution
		HideSolutionNode = FALSE
	EndGlobalSection
	GlobalSection(ExtensibilityGlobals) = postSolution
		SolutionGuid = {697779EB-03E6-442F-BD29-C5FAD1EE8F5B}
	EndGlobalSection
EndGlobal
